{
  "name": "src",
  "version": "1.0.0",
  "lockfileVersion": 1,
  "requires": true,
  "dependencies": {
    "@ursi/jim": {
      "version": "0.2.1",
      "resolved": "https://registry.npmjs.org/@ursi/jim/-/jim-0.2.1.tgz",
      "integrity": "sha512-tynJcuOhJPKaAkRmF5GUorcYPFj80obQY1xS5qZfytxg4OUsOhLZxtlZrFx95x91lnbVeKQzlbusisKN2k3hFA=="
    },
    "@ursi/support": {
      "version": "1.0.1",
      "resolved": "https://registry.npmjs.org/@ursi/support/-/support-1.0.1.tgz",
      "integrity": "sha512-T2ic+zZt4AZ4Zaq3RoBz75ayzp9Gb6RyRHRcw39mYrvV5tZFJkH1yIFH5yy5zJypPMQSrb0dpEb/02TFlyMxuw==",
      "requires": {
        "typescript": "^3.9.5"
      }
    },
    "jim-node": {
      "version": "github:ursi/jim-node#d367410fbca93dc1c000976c950f85fcf67a9cbf",
      "from": "github:ursi/jim-node#0.1.0"
    },
    "typescript": {
      "version": "3.9.5",
      "resolved": "https://registry.npmjs.org/typescript/-/typescript-3.9.5.tgz",
      "integrity": "sha512-hSAifV3k+i6lEoCJ2k6R2Z/rp/H3+8sdmcn5NrS3/3kE7+RyZXm9aqvxWqjEXHAd8b0pShatpcdMTvEdvAJltQ=="
    }
  }
}
